
Microsoft Visual Studio Solution File, Format Version 12.00
# Visual Studio 15
Project("{FAE04EC0-301F-11D3-BF4B-00C04F79EFBC}") = "Project Spaghettification", "Project Spaghettification.csproj", "{A14D3580-D947-6A12-5C31-49E0B0B22C89}"
EndProject
Project("{FAE04EC0-301F-11D3-BF4B-00C04F79EFBC}") = "Project Spaghettification.Editor", "Project Spaghettification.Editor.csproj", "{EA465DF8-5AF0-0C50-40E0-3530E7030523}"
EndProject
Global
	GlobalSection(SolutionConfigurationPlatforms) = preSolution
		Debug|Any CPU = Debug|Any CPU
		Release|Any CPU = Release|Any CPU
	EndGlobalSection
	GlobalSection(ProjectConfigurationPlatforms) = postSolution
		{A14D3580-D947-6A12-5C31-49E0B0B22C89}.Debug|Any CPU.ActiveCfg = Debug|Any CPU
		{A14D3580-D947-6A12-5C31-49E0B0B22C89}.Debug|Any CPU.Build.0 = Debug|Any CPU
		{A14D3580-D947-6A12-5C31-49E0B0B22C89}.Release|Any CPU.ActiveCfg = Release|Any CPU
		{A14D3580-D947-6A12-5C31-49E0B0B22C89}.Release|Any CPU.Build.0 = Release|Any CPU
		{EA465DF8-5AF0-0C50-40E0-3530E7030523}.Debug|Any CPU.ActiveCfg = Debug|Any CPU
		{EA465DF8-5AF0-0C50-40E0-3530E7030523}.Debug|Any CPU.Build.0 = Debug|Any CPU
		{EA465DF8-5AF0-0C50-40E0-3530E7030523}.Release|Any CPU.ActiveCfg = Release|Any CPU
		{EA465DF8-5AF0-0C50-40E0-3530E7030523}.Release|Any CPU.Build.0 = Release|Any CPU
	EndGlobalSection
	GlobalSection(SolutionProperties) = preSolution
		HideSolutionNode = FALSE
	EndGlobalSection
EndGlobal
